
Microsoft Visual Studio Solution File, Format Version 12.00
# Visual Studio Version 16
VisualStudioVersion = 16.0.32929.386
MinimumVisualStudioVersion = 10.0.40219.1
Project("{9A19103F-16F7-4668-BE54-9A1E7A4F7556}") = "ProcessExplorer", "ProcessExplorer\ProcessExplorer.csproj", "{F570F48A-EBF1-44E9-B6B3-004C2A6B9976}"
EndProject
Global
	GlobalSection(SolutionConfigurationPlatforms) = preSolution
		Debug|Any CPU = Debug|Any CPU
		Debug|x64 = Debug|x64
		Release|Any CPU = Release|Any CPU
		Release|x64 = Release|x64
	EndGlobalSection
	GlobalSection(ProjectConfigurationPlatforms) = postSolution
		{F570F48A-EBF1-44E9-B6B3-004C2A6B9976}.Debug|Any CPU.ActiveCfg = Debug|Any CPU
		{F570F48A-EBF1-44E9-B6B3-004C2A6B9976}.Debug|Any CPU.Build.0 = Debug|Any CPU
		{F570F48A-EBF1-44E9-B6B3-004C2A6B9976}.Debug|x64.ActiveCfg = Debug|x64
		{F570F48A-EBF1-44E9-B6B3-004C2A6B9976}.Debug|x64.Build.0 = Debug|x64
		{F570F48A-EBF1-44E9-B6B3-004C2A6B9976}.Release|Any CPU.ActiveCfg = Release|Any CPU
		{F570F48A-EBF1-44E9-B6B3-004C2A6B9976}.Release|Any CPU.Build.0 = Release|Any CPU
		{F570F48A-EBF1-44E9-B6B3-004C2A6B9976}.Release|x64.ActiveCfg = Release|x64
		{F570F48A-EBF1-44E9-B6B3-004C2A6B9976}.Release|x64.Build.0 = Release|x64
	EndGlobalSection
	GlobalSection(SolutionProperties) = preSolution
		HideSolutionNode = FALSE
	EndGlobalSection
	GlobalSection(ExtensibilityGlobals) = postSolution
		SolutionGuid = {4911F77B-BA08-4B4A-919C-E2CC9F5F41BA}
	EndGlobalSection
EndGlobal
